
Microsoft Visual Studio Solution File, Format Version 12.00
Project("{2150E333-8FDC-42A3-9474-1A3956D46DE8}") = "apps", "apps", "{6EFC8383-0017-4AE9-A581-BB43D2AD05A2}"
EndProject
Project("{2150E333-8FDC-42A3-9474-1A3956D46DE8}") = "src", "src", "{02A4D5EE-03A6-468B-9225-1FCCDD9DB9A1}"
EndProject
Project("{2150E333-8FDC-42A3-9474-1A3956D46DE8}") = "test", "test", "{E98F90ED-607F-42E4-9A0F-7411DF1061D7}"
EndProject
Project("{FAE04EC0-301F-11D3-BF4B-00C04F79EFBC}") = "Crm", "Crm\Crm.csproj", "{64E45F85-AE58-49EA-8081-EA8863E7C700}"
EndProject
Project("{2150E333-8FDC-42A3-9474-1A3956D46DE8}") = "Crm", "Crm", "{F6D23891-9045-4CFB-9897-F2F5D9C91F4A}"
EndProject
Project("{FAE04EC0-301F-11D3-BF4B-00C04F79EFBC}") = "Shared", "Shared\Shared.csproj", "{9670E4F3-73FD-4ED1-99BB-9B3468057FF1}"
EndProject
Project("{FAE04EC0-301F-11D3-BF4B-00C04F79EFBC}") = "Backend", "Backend\Backend.csproj", "{3F20F4E4-C5A9-406F-8CDC-13EE9FB1898A}"
EndProject
Global
	GlobalSection(SolutionConfigurationPlatforms) = preSolution
		Debug|Any CPU = Debug|Any CPU
		Release|Any CPU = Release|Any CPU
	EndGlobalSection
	GlobalSection(NestedProjects) = preSolution
		{64E45F85-AE58-49EA-8081-EA8863E7C700} = {02A4D5EE-03A6-468B-9225-1FCCDD9DB9A1}
		{F6D23891-9045-4CFB-9897-F2F5D9C91F4A} = {6EFC8383-0017-4AE9-A581-BB43D2AD05A2}
		{9670E4F3-73FD-4ED1-99BB-9B3468057FF1} = {02A4D5EE-03A6-468B-9225-1FCCDD9DB9A1}
		{3F20F4E4-C5A9-406F-8CDC-13EE9FB1898A} = {F6D23891-9045-4CFB-9897-F2F5D9C91F4A}
	EndGlobalSection
	GlobalSection(ProjectConfigurationPlatforms) = postSolution
		{64E45F85-AE58-49EA-8081-EA8863E7C700}.Debug|Any CPU.ActiveCfg = Debug|Any CPU
		{64E45F85-AE58-49EA-8081-EA8863E7C700}.Debug|Any CPU.Build.0 = Debug|Any CPU
		{64E45F85-AE58-49EA-8081-EA8863E7C700}.Release|Any CPU.ActiveCfg = Release|Any CPU
		{64E45F85-AE58-49EA-8081-EA8863E7C700}.Release|Any CPU.Build.0 = Release|Any CPU
		{9670E4F3-73FD-4ED1-99BB-9B3468057FF1}.Debug|Any CPU.ActiveCfg = Debug|Any CPU
		{9670E4F3-73FD-4ED1-99BB-9B3468057FF1}.Debug|Any CPU.Build.0 = Debug|Any CPU
		{9670E4F3-73FD-4ED1-99BB-9B3468057FF1}.Release|Any CPU.ActiveCfg = Release|Any CPU
		{9670E4F3-73FD-4ED1-99BB-9B3468057FF1}.Release|Any CPU.Build.0 = Release|Any CPU
		{3F20F4E4-C5A9-406F-8CDC-13EE9FB1898A}.Debug|Any CPU.ActiveCfg = Debug|Any CPU
		{3F20F4E4-C5A9-406F-8CDC-13EE9FB1898A}.Debug|Any CPU.Build.0 = Debug|Any CPU
		{3F20F4E4-C5A9-406F-8CDC-13EE9FB1898A}.Release|Any CPU.ActiveCfg = Release|Any CPU
		{3F20F4E4-C5A9-406F-8CDC-13EE9FB1898A}.Release|Any CPU.Build.0 = Release|Any CPU
	EndGlobalSection
EndGlobal
